
Microsoft Visual Studio Solution File, Format Version 12.00
# Visual Studio 15
Project("{FAE04EC0-301F-11D3-BF4B-00C04F79EFBC}") = "Assembly-CSharp-Editor", "Assembly-CSharp-Editor.csproj", "{E4E782B7-38D6-624A-AE52-E84CB0C56F06}"
EndProject
Project("{FAE04EC0-301F-11D3-BF4B-00C04F79EFBC}") = "Assembly-CSharp", "Assembly-CSharp.csproj", "{75A6CE12-DD59-C5FD-09FF-24B2999C7EF9}"
EndProject
Project("{FAE04EC0-301F-11D3-BF4B-00C04F79EFBC}") = "Unity.XR.Interaction.Toolkit.Samples.StarterAssets", "Unity.XR.Interaction.Toolkit.Samples.StarterAssets.csproj", "{EA9B23D5-0258-60D6-4D46-AC784B439989}"
EndProject
Project("{FAE04EC0-301F-11D3-BF4B-00C04F79EFBC}") = "Unity.XR.Interaction.Toolkit.Samples.StarterAssets.Editor", "Unity.XR.Interaction.Toolkit.Samples.StarterAssets.Editor.csproj", "{B0460B1A-C74D-0B7C-7CD3-40D1600B1A99}"
EndProject
Project("{FAE04EC0-301F-11D3-BF4B-00C04F79EFBC}") = "Unity.XR.Interaction.Toolkit.Samples.Hands", "Unity.XR.Interaction.Toolkit.Samples.Hands.csproj", "{DF94320F-6A28-BBE9-D4C8-343717881738}"
EndProject
Project("{FAE04EC0-301F-11D3-BF4B-00C04F79EFBC}") = "Unity.XR.Hands.Samples.VisualizerSample", "Unity.XR.Hands.Samples.VisualizerSample.csproj", "{25A9CAA2-0EF1-35A0-3996-3659B81FE5DF}"
EndProject
Project("{FAE04EC0-301F-11D3-BF4B-00C04F79EFBC}") = "SimpleJSON", "SimpleJSON.csproj", "{A9FDE7FB-ACDF-B46C-FC06-487000AFA7D7}"
EndProject
Project("{FAE04EC0-301F-11D3-BF4B-00C04F79EFBC}") = "Unity.XR.Interaction.Toolkit.Samples.InteractionSimulator.Editor", "Unity.XR.Interaction.Toolkit.Samples.InteractionSimulator.Editor.csproj", "{D47F89F7-D5B2-D488-BC4C-0367FAF1BBD7}"
EndProject
Project("{FAE04EC0-301F-11D3-BF4B-00C04F79EFBC}") = "Unity.XR.Interaction.Toolkit.Samples.InteractionSimulator", "Unity.XR.Interaction.Toolkit.Samples.InteractionSimulator.csproj", "{BFDDAD3E-AE4F-8CC3-CD19-757898A7D3FF}"
EndProject
Project("{FAE04EC0-301F-11D3-BF4B-00C04F79EFBC}") = "Unity.XR.Interaction.Toolkit.Samples.Hands.Editor", "Unity.XR.Interaction.Toolkit.Samples.Hands.Editor.csproj", "{00D9EF46-A602-0028-92E1-CBAF20339F72}"
EndProject
Global
	GlobalSection(SolutionConfigurationPlatforms) = preSolution
		Debug|Any CPU = Debug|Any CPU
		Release|Any CPU = Release|Any CPU
	EndGlobalSection
	GlobalSection(ProjectConfigurationPlatforms) = postSolution
		{E4E782B7-38D6-624A-AE52-E84CB0C56F06}.Debug|Any CPU.ActiveCfg = Debug|Any CPU
		{E4E782B7-38D6-624A-AE52-E84CB0C56F06}.Debug|Any CPU.Build.0 = Debug|Any CPU
		{E4E782B7-38D6-624A-AE52-E84CB0C56F06}.Release|Any CPU.ActiveCfg = Release|Any CPU
		{E4E782B7-38D6-624A-AE52-E84CB0C56F06}.Release|Any CPU.Build.0 = Release|Any CPU
		{75A6CE12-DD59-C5FD-09FF-24B2999C7EF9}.Debug|Any CPU.ActiveCfg = Debug|Any CPU
		{75A6CE12-DD59-C5FD-09FF-24B2999C7EF9}.Debug|Any CPU.Build.0 = Debug|Any CPU
		{75A6CE12-DD59-C5FD-09FF-24B2999C7EF9}.Release|Any CPU.ActiveCfg = Release|Any CPU
		{75A6CE12-DD59-C5FD-09FF-24B2999C7EF9}.Release|Any CPU.Build.0 = Release|Any CPU
		{EA9B23D5-0258-60D6-4D46-AC784B439989}.Debug|Any CPU.ActiveCfg = Debug|Any CPU
		{EA9B23D5-0258-60D6-4D46-AC784B439989}.Debug|Any CPU.Build.0 = Debug|Any CPU
		{EA9B23D5-0258-60D6-4D46-AC784B439989}.Release|Any CPU.ActiveCfg = Release|Any CPU
		{EA9B23D5-0258-60D6-4D46-AC784B439989}.Release|Any CPU.Build.0 = Release|Any CPU
		{B0460B1A-C74D-0B7C-7CD3-40D1600B1A99}.Debug|Any CPU.ActiveCfg = Debug|Any CPU
		{B0460B1A-C74D-0B7C-7CD3-40D1600B1A99}.Debug|Any CPU.Build.0 = Debug|Any CPU
		{B0460B1A-C74D-0B7C-7CD3-40D1600B1A99}.Release|Any CPU.ActiveCfg = Release|Any CPU
		{B0460B1A-C74D-0B7C-7CD3-40D1600B1A99}.Release|Any CPU.Build.0 = Release|Any CPU
		{DF94320F-6A28-BBE9-D4C8-343717881738}.Debug|Any CPU.ActiveCfg = Debug|Any CPU
		{DF94320F-6A28-BBE9-D4C8-343717881738}.Debug|Any CPU.Build.0 = Debug|Any CPU
		{DF94320F-6A28-BBE9-D4C8-343717881738}.Release|Any CPU.ActiveCfg = Release|Any CPU
		{DF94320F-6A28-BBE9-D4C8-343717881738}.Release|Any CPU.Build.0 = Release|Any CPU
		{25A9CAA2-0EF1-35A0-3996-3659B81FE5DF}.Debug|Any CPU.ActiveCfg = Debug|Any CPU
		{25A9CAA2-0EF1-35A0-3996-3659B81FE5DF}.Debug|Any CPU.Build.0 = Debug|Any CPU
		{25A9CAA2-0EF1-35A0-3996-3659B81FE5DF}.Release|Any CPU.ActiveCfg = Release|Any CPU
		{25A9CAA2-0EF1-35A0-3996-3659B81FE5DF}.Release|Any CPU.Build.0 = Release|Any CPU
		{A9FDE7FB-ACDF-B46C-FC06-487000AFA7D7}.Debug|Any CPU.ActiveCfg = Debug|Any CPU
		{A9FDE7FB-ACDF-B46C-FC06-487000AFA7D7}.Debug|Any CPU.Build.0 = Debug|Any CPU
		{A9FDE7FB-ACDF-B46C-FC06-487000AFA7D7}.Release|Any CPU.ActiveCfg = Release|Any CPU
		{A9FDE7FB-ACDF-B46C-FC06-487000AFA7D7}.Release|Any CPU.Build.0 = Release|Any CPU
		{D47F89F7-D5B2-D488-BC4C-0367FAF1BBD7}.Debug|Any CPU.ActiveCfg = Debug|Any CPU
		{D47F89F7-D5B2-D488-BC4C-0367FAF1BBD7}.Debug|Any CPU.Build.0 = Debug|Any CPU
		{D47F89F7-D5B2-D488-BC4C-0367FAF1BBD7}.Release|Any CPU.ActiveCfg = Release|Any CPU
		{D47F89F7-D5B2-D488-BC4C-0367FAF1BBD7}.Release|Any CPU.Build.0 = Release|Any CPU
		{BFDDAD3E-AE4F-8CC3-CD19-757898A7D3FF}.Debug|Any CPU.ActiveCfg = Debug|Any CPU
		{BFDDAD3E-AE4F-8CC3-CD19-757898A7D3FF}.Debug|Any CPU.Build.0 = Debug|Any CPU
		{BFDDAD3E-AE4F-8CC3-CD19-757898A7D3FF}.Release|Any CPU.ActiveCfg = Release|Any CPU
		{BFDDAD3E-AE4F-8CC3-CD19-757898A7D3FF}.Release|Any CPU.Build.0 = Release|Any CPU
		{00D9EF46-A602-0028-92E1-CBAF20339F72}.Debug|Any CPU.ActiveCfg = Debug|Any CPU
		{00D9EF46-A602-0028-92E1-CBAF20339F72}.Debug|Any CPU.Build.0 = Debug|Any CPU
		{00D9EF46-A602-0028-92E1-CBAF20339F72}.Release|Any CPU.ActiveCfg = Release|Any CPU
		{00D9EF46-A602-0028-92E1-CBAF20339F72}.Release|Any CPU.Build.0 = Release|Any CPU
	EndGlobalSection
	GlobalSection(SolutionProperties) = preSolution
		HideSolutionNode = FALSE
	EndGlobalSection
EndGlobal
