
Microsoft Visual Studio Solution File, Format Version 12.00
# Visual Studio 15
Project("{FAE04EC0-301F-11D3-BF4B-00C04F79EFBC}") = "Assembly-CSharp", "Assembly-CSharp.csproj", "{CCC4F074-AC1A-A7B0-E59E-E332C5F07B1D}"
EndProject
Project("{FAE04EC0-301F-11D3-BF4B-00C04F79EFBC}") = "Unity.XR.Interaction.Toolkit.Samples.StarterAssets", "Unity.XR.Interaction.Toolkit.Samples.StarterAssets.csproj", "{9802E9CC-8475-1CB3-DA45-2A67FF2B0A39}"
EndProject
Project("{FAE04EC0-301F-11D3-BF4B-00C04F79EFBC}") = "Unity.XR.Interaction.Toolkit.Samples.StarterAssets.Editor", "Unity.XR.Interaction.Toolkit.Samples.StarterAssets.Editor.csproj", "{3BBB8577-116F-B31F-0355-9208414E73FD}"
EndProject
Project("{FAE04EC0-301F-11D3-BF4B-00C04F79EFBC}") = "Unity.XR.Interaction.Toolkit.Samples.Hands", "Unity.XR.Interaction.Toolkit.Samples.Hands.csproj", "{6A0321E8-D371-59EE-370D-48336528C552}"
EndProject
Project("{FAE04EC0-301F-11D3-BF4B-00C04F79EFBC}") = "Unity.XR.Hands.Samples.VisualizerSample", "Unity.XR.Hands.Samples.VisualizerSample.csproj", "{DCC0D92D-E5DC-FCB1-2CE1-812E552DA252}"
EndProject
Project("{FAE04EC0-301F-11D3-BF4B-00C04F79EFBC}") = "Unity.XR.Interaction.Toolkit.Samples.InteractionSimulator.Editor", "Unity.XR.Interaction.Toolkit.Samples.InteractionSimulator.Editor.csproj", "{EAC5D1C5-A0EA-6C9E-E9DB-2641B346D755}"
EndProject
Project("{FAE04EC0-301F-11D3-BF4B-00C04F79EFBC}") = "Unity.XR.Interaction.Toolkit.Samples.InteractionSimulator", "Unity.XR.Interaction.Toolkit.Samples.InteractionSimulator.csproj", "{261534CE-DF31-41CB-6693-7269EBC269B5}"
EndProject
Project("{FAE04EC0-301F-11D3-BF4B-00C04F79EFBC}") = "Unity.XR.Interaction.Toolkit.Samples.Hands.Editor", "Unity.XR.Interaction.Toolkit.Samples.Hands.Editor.csproj", "{B85FDF39-AAAE-5E5C-3BD9-7DD1C5239FC0}"
EndProject
Global
	GlobalSection(SolutionConfigurationPlatforms) = preSolution
		Debug|Any CPU = Debug|Any CPU
		Release|Any CPU = Release|Any CPU
	EndGlobalSection
	GlobalSection(ProjectConfigurationPlatforms) = postSolution
		{CCC4F074-AC1A-A7B0-E59E-E332C5F07B1D}.Debug|Any CPU.ActiveCfg = Debug|Any CPU
		{CCC4F074-AC1A-A7B0-E59E-E332C5F07B1D}.Debug|Any CPU.Build.0 = Debug|Any CPU
		{CCC4F074-AC1A-A7B0-E59E-E332C5F07B1D}.Release|Any CPU.ActiveCfg = Release|Any CPU
		{CCC4F074-AC1A-A7B0-E59E-E332C5F07B1D}.Release|Any CPU.Build.0 = Release|Any CPU
		{9802E9CC-8475-1CB3-DA45-2A67FF2B0A39}.Debug|Any CPU.ActiveCfg = Debug|Any CPU
		{9802E9CC-8475-1CB3-DA45-2A67FF2B0A39}.Debug|Any CPU.Build.0 = Debug|Any CPU
		{9802E9CC-8475-1CB3-DA45-2A67FF2B0A39}.Release|Any CPU.ActiveCfg = Release|Any CPU
		{9802E9CC-8475-1CB3-DA45-2A67FF2B0A39}.Release|Any CPU.Build.0 = Release|Any CPU
		{3BBB8577-116F-B31F-0355-9208414E73FD}.Debug|Any CPU.ActiveCfg = Debug|Any CPU
		{3BBB8577-116F-B31F-0355-9208414E73FD}.Debug|Any CPU.Build.0 = Debug|Any CPU
		{3BBB8577-116F-B31F-0355-9208414E73FD}.Release|Any CPU.ActiveCfg = Release|Any CPU
		{3BBB8577-116F-B31F-0355-9208414E73FD}.Release|Any CPU.Build.0 = Release|Any CPU
		{6A0321E8-D371-59EE-370D-48336528C552}.Debug|Any CPU.ActiveCfg = Debug|Any CPU
		{6A0321E8-D371-59EE-370D-48336528C552}.Debug|Any CPU.Build.0 = Debug|Any CPU
		{6A0321E8-D371-59EE-370D-48336528C552}.Release|Any CPU.ActiveCfg = Release|Any CPU
		{6A0321E8-D371-59EE-370D-48336528C552}.Release|Any CPU.Build.0 = Release|Any CPU
		{DCC0D92D-E5DC-FCB1-2CE1-812E552DA252}.Debug|Any CPU.ActiveCfg = Debug|Any CPU
		{DCC0D92D-E5DC-FCB1-2CE1-812E552DA252}.Debug|Any CPU.Build.0 = Debug|Any CPU
		{DCC0D92D-E5DC-FCB1-2CE1-812E552DA252}.Release|Any CPU.ActiveCfg = Release|Any CPU
		{DCC0D92D-E5DC-FCB1-2CE1-812E552DA252}.Release|Any CPU.Build.0 = Release|Any CPU
		{EAC5D1C5-A0EA-6C9E-E9DB-2641B346D755}.Debug|Any CPU.ActiveCfg = Debug|Any CPU
		{EAC5D1C5-A0EA-6C9E-E9DB-2641B346D755}.Debug|Any CPU.Build.0 = Debug|Any CPU
		{EAC5D1C5-A0EA-6C9E-E9DB-2641B346D755}.Release|Any CPU.ActiveCfg = Release|Any CPU
		{EAC5D1C5-A0EA-6C9E-E9DB-2641B346D755}.Release|Any CPU.Build.0 = Release|Any CPU
		{261534CE-DF31-41CB-6693-7269EBC269B5}.Debug|Any CPU.ActiveCfg = Debug|Any CPU
		{261534CE-DF31-41CB-6693-7269EBC269B5}.Debug|Any CPU.Build.0 = Debug|Any CPU
		{261534CE-DF31-41CB-6693-7269EBC269B5}.Release|Any CPU.ActiveCfg = Release|Any CPU
		{261534CE-DF31-41CB-6693-7269EBC269B5}.Release|Any CPU.Build.0 = Release|Any CPU
		{B85FDF39-AAAE-5E5C-3BD9-7DD1C5239FC0}.Debug|Any CPU.ActiveCfg = Debug|Any CPU
		{B85FDF39-AAAE-5E5C-3BD9-7DD1C5239FC0}.Debug|Any CPU.Build.0 = Debug|Any CPU
		{B85FDF39-AAAE-5E5C-3BD9-7DD1C5239FC0}.Release|Any CPU.ActiveCfg = Release|Any CPU
		{B85FDF39-AAAE-5E5C-3BD9-7DD1C5239FC0}.Release|Any CPU.Build.0 = Release|Any CPU
	EndGlobalSection
	GlobalSection(SolutionProperties) = preSolution
		HideSolutionNode = FALSE
	EndGlobalSection
EndGlobal
